
Microsoft Visual Studio Solution File, Format Version 12.00
# Visual Studio Version 16
VisualStudioVersion = 16.0.32602.290
MinimumVisualStudioVersion = 10.0.40219.1
Project("{FAE04EC0-301F-11D3-BF4B-00C04F79EFBC}") = "Tema2-TamanyoTexto", "Tema2-TamanyoTexto.csproj", "{6842109F-8704-4AA8-AC47-65173D057846}"
EndProject
Global
	GlobalSection(SolutionConfigurationPlatforms) = preSolution
		Debug|Any CPU = Debug|Any CPU
		Release|Any CPU = Release|Any CPU
	EndGlobalSection
	GlobalSection(ProjectConfigurationPlatforms) = postSolution
		{6842109F-8704-4AA8-AC47-65173D057846}.Debug|Any CPU.ActiveCfg = Debug|Any CPU
		{6842109F-8704-4AA8-AC47-65173D057846}.Debug|Any CPU.Build.0 = Debug|Any CPU
		{6842109F-8704-4AA8-AC47-65173D057846}.Release|Any CPU.ActiveCfg = Release|Any CPU
		{6842109F-8704-4AA8-AC47-65173D057846}.Release|Any CPU.Build.0 = Release|Any CPU
	EndGlobalSection
	GlobalSection(SolutionProperties) = preSolution
		HideSolutionNode = FALSE
	EndGlobalSection
	GlobalSection(ExtensibilityGlobals) = postSolution
		SolutionGuid = {02E62E22-3C5A-4012-93E8-A10F6458EF61}
	EndGlobalSection
EndGlobal
